
Microsoft Visual Studio Solution File, Format Version 12.00
# Visual Studio Version 17
VisualStudioVersion = 17.2.32526.322
MinimumVisualStudioVersion = 10.0.40219.1
Project("{FAE04EC0-301F-11D3-BF4B-00C04F79EFBC}") = "PL", "PL\PL.csproj", "{C7111E74-22ED-4255-BB88-B6A4E575CFFF}"
EndProject
Project("{FAE04EC0-301F-11D3-BF4B-00C04F79EFBC}") = "DAL", "DAL\DAL.csproj", "{9D42C603-739C-4ADD-A5CC-CC1614275112}"
EndProject
Project("{FAE04EC0-301F-11D3-BF4B-00C04F79EFBC}") = "BLL", "BLL\BLL.csproj", "{7144BD5A-798D-4DEF-A673-BD6EFAF84F9D}"
EndProject
Global
	GlobalSection(SolutionConfigurationPlatforms) = preSolution
		Debug|Any CPU = Debug|Any CPU
		Release|Any CPU = Release|Any CPU
	EndGlobalSection
	GlobalSection(ProjectConfigurationPlatforms) = postSolution
		{C7111E74-22ED-4255-BB88-B6A4E575CFFF}.Debug|Any CPU.ActiveCfg = Debug|Any CPU
		{C7111E74-22ED-4255-BB88-B6A4E575CFFF}.Debug|Any CPU.Build.0 = Debug|Any CPU
		{C7111E74-22ED-4255-BB88-B6A4E575CFFF}.Release|Any CPU.ActiveCfg = Release|Any CPU
		{C7111E74-22ED-4255-BB88-B6A4E575CFFF}.Release|Any CPU.Build.0 = Release|Any CPU
		{9D42C603-739C-4ADD-A5CC-CC1614275112}.Debug|Any CPU.ActiveCfg = Debug|Any CPU
		{9D42C603-739C-4ADD-A5CC-CC1614275112}.Debug|Any CPU.Build.0 = Debug|Any CPU
		{9D42C603-739C-4ADD-A5CC-CC1614275112}.Release|Any CPU.ActiveCfg = Release|Any CPU
		{9D42C603-739C-4ADD-A5CC-CC1614275112}.Release|Any CPU.Build.0 = Release|Any CPU
		{7144BD5A-798D-4DEF-A673-BD6EFAF84F9D}.Debug|Any CPU.ActiveCfg = Debug|Any CPU
		{7144BD5A-798D-4DEF-A673-BD6EFAF84F9D}.Debug|Any CPU.Build.0 = Debug|Any CPU
		{7144BD5A-798D-4DEF-A673-BD6EFAF84F9D}.Release|Any CPU.ActiveCfg = Release|Any CPU
		{7144BD5A-798D-4DEF-A673-BD6EFAF84F9D}.Release|Any CPU.Build.0 = Release|Any CPU
	EndGlobalSection
	GlobalSection(SolutionProperties) = preSolution
		HideSolutionNode = FALSE
	EndGlobalSection
	GlobalSection(ExtensibilityGlobals) = postSolution
		SolutionGuid = {DA553FC8-290D-401B-B33F-9727720B4C31}
	EndGlobalSection
EndGlobal
